
Microsoft Visual Studio Solution File, Format Version 12.00
# Visual Studio Version 17
VisualStudioVersion = 17.1.32210.238
MinimumVisualStudioVersion = 10.0.40219.1
Project("{FAE04EC0-301F-11D3-BF4B-00C04F79EFBC}") = "Testes.changeDB.pg", "Testes.changeDB.pg\Testes.changeDB.pg.csproj", "{15BAE3CE-BEE7-48BC-8235-B2348E472CB1}"
EndProject
Global
	GlobalSection(SolutionConfigurationPlatforms) = preSolution
		Debug|Any CPU = Debug|Any CPU
		Release|Any CPU = Release|Any CPU
	EndGlobalSection
	GlobalSection(ProjectConfigurationPlatforms) = postSolution
		{15BAE3CE-BEE7-48BC-8235-B2348E472CB1}.Debug|Any CPU.ActiveCfg = Debug|Any CPU
		{15BAE3CE-BEE7-48BC-8235-B2348E472CB1}.Debug|Any CPU.Build.0 = Debug|Any CPU
		{15BAE3CE-BEE7-48BC-8235-B2348E472CB1}.Release|Any CPU.ActiveCfg = Release|Any CPU
		{15BAE3CE-BEE7-48BC-8235-B2348E472CB1}.Release|Any CPU.Build.0 = Release|Any CPU
	EndGlobalSection
	GlobalSection(SolutionProperties) = preSolution
		HideSolutionNode = FALSE
	EndGlobalSection
	GlobalSection(ExtensibilityGlobals) = postSolution
		SolutionGuid = {6EE1D9FB-6D24-413A-B860-497E04526EAB}
	EndGlobalSection
EndGlobal
